
Microsoft Visual Studio Solution File, Format Version 12.00
# Visual Studio Version 17
VisualStudioVersion = 17.14.36915.13 d17.14
MinimumVisualStudioVersion = 10.0.40219.1
Project("{FAE04EC0-301F-11D3-BF4B-00C04F79EFBC}") = "calculadora", "calculadora\calculadora.csproj", "{3C5B2775-7FCF-4424-889B-4D503B9E7906}"
EndProject
Global
	GlobalSection(SolutionConfigurationPlatforms) = preSolution
		Debug|Any CPU = Debug|Any CPU
		Release|Any CPU = Release|Any CPU
	EndGlobalSection
	GlobalSection(ProjectConfigurationPlatforms) = postSolution
		{3C5B2775-7FCF-4424-889B-4D503B9E7906}.Debug|Any CPU.ActiveCfg = Debug|Any CPU
		{3C5B2775-7FCF-4424-889B-4D503B9E7906}.Debug|Any CPU.Build.0 = Debug|Any CPU
		{3C5B2775-7FCF-4424-889B-4D503B9E7906}.Release|Any CPU.ActiveCfg = Release|Any CPU
		{3C5B2775-7FCF-4424-889B-4D503B9E7906}.Release|Any CPU.Build.0 = Release|Any CPU
	EndGlobalSection
	GlobalSection(SolutionProperties) = preSolution
		HideSolutionNode = FALSE
	EndGlobalSection
	GlobalSection(ExtensibilityGlobals) = postSolution
		SolutionGuid = {ADEC24AB-9C4C-47FD-804D-B24D98597DCA}
	EndGlobalSection
EndGlobal
